
Microsoft Visual Studio Solution File, Format Version 12.00
# Visual Studio Version 16
VisualStudioVersion = 16.0.31025.194
MinimumVisualStudioVersion = 10.0.40219.1
Project("{FAE04EC0-301F-11D3-BF4B-00C04F79EFBC}") = "TS AN LAB2 (task2)", "TS AN LAB2 (task2)\TS AN LAB2 (task2).csproj", "{18C9A163-2F8A-4787-9FE4-ED149812CC82}"
EndProject
Global
	GlobalSection(SolutionConfigurationPlatforms) = preSolution
		Debug|Any CPU = Debug|Any CPU
		Release|Any CPU = Release|Any CPU
	EndGlobalSection
	GlobalSection(ProjectConfigurationPlatforms) = postSolution
		{18C9A163-2F8A-4787-9FE4-ED149812CC82}.Debug|Any CPU.ActiveCfg = Debug|Any CPU
		{18C9A163-2F8A-4787-9FE4-ED149812CC82}.Debug|Any CPU.Build.0 = Debug|Any CPU
		{18C9A163-2F8A-4787-9FE4-ED149812CC82}.Release|Any CPU.ActiveCfg = Release|Any CPU
		{18C9A163-2F8A-4787-9FE4-ED149812CC82}.Release|Any CPU.Build.0 = Release|Any CPU
	EndGlobalSection
	GlobalSection(SolutionProperties) = preSolution
		HideSolutionNode = FALSE
	EndGlobalSection
	GlobalSection(ExtensibilityGlobals) = postSolution
		SolutionGuid = {D6B6697C-7255-4C72-88BC-2FE7143AF1F4}
	EndGlobalSection
EndGlobal
